{
  "name": "advanced-agent-loop",
  "version": "0.1.0",
  "lockfileVersion": 3,
  "requires": true,
  "packages": {
    "": {
      "name": "advanced-agent-loop",
      "version": "0.1.0",
      "license": "MIT",
      "bin": {
        "agent": "src/cli.js"
      },
      "engines": {
        "node": ">=18.0.0"
      }
    }
  }
}
